// !$*UTF8*$!
{
	archiveVersion = 1;
	classes = {
	};
	objectVersion = 50;
	objects = {

/* Begin PBXBuildFile section */
		7D4F588F26F91B4B0099C1B6 /* UIApplication+Extensions.swift in Sources */ = {isa = PBXBuildFile; fileRef = 7D4F588E26F91B4B0099C1B6 /* UIApplication+Extensions.swift */; };
		7DB7824E26F915D600902284 /* AppDelegate.swift in Sources */ = {isa = PBXBuildFile; fileRef = 7DB7824D26F915D600902284 /* AppDelegate.swift */; };
		7DB7825026F915D600902284 /* SceneDelegate.swift in Sources */ = {isa = PBXBuildFile; fileRef = 7DB7824F26F915D600902284 /* SceneDelegate.swift */; };
		7DB7825226F915D600902284 /* ContentView.swift in Sources */ = {isa = PBXBuildFile; fileRef = 7DB7825126F915D600902284 /* ContentView.swift */; };
		7DB7825426F915D800902284 /* Assets.xcassets in Resources */ = {isa = PBXBuildFile; fileRef = 7DB7825326F915D800902284 /* Assets.xcassets */; };
		7DB7825726F915D800902284 /* Preview Assets.xcassets in Resources */ = {isa = PBXBuildFile; fileRef = 7DB7825626F915D800902284 /* Preview Assets.xcassets */; };
		7DB7825A26F915D800902284 /* LaunchScreen.storyboard in Resources */ = {isa = PBXBuildFile; fileRef = 7DB7825826F915D800902284 /* LaunchScreen.storyboard */; };
		7DB7826526F915D900902284 /* Homework1Tests.swift in Sources */ = {isa = PBXBuildFile; fileRef = 7DB7826426F915D900902284 /* Homework1Tests.swift */; };
		7DB7827026F915D900902284 /* Homework1UITests.swift in Sources */ = {isa = PBXBuildFile; fileRef = 7DB7826F26F915D900902284 /* Homework1UITests.swift */; };
/* End PBXBuildFile section */

/* Begin PBXContainerItemProxy section */
		7DB7826126F915D900902284 /* PBXContainerItemProxy */ = {
			isa = PBXContainerItemProxy;
			containerPortal = 7DB7824226F915D600902284 /* Project object */;
			proxyType = 1;
			remoteGlobalIDString = 7DB7824926F915D600902284;
			remoteInfo = Homework1;
		};
		7DB7826C26F915D900902284 /* PBXContainerItemProxy */ = {
			isa = PBXContainerItemProxy;
			containerPortal = 7DB7824226F915D600902284 /* Project object */;
			proxyType = 1;
			remoteGlobalIDString = 7DB7824926F915D600902284;
			remoteInfo = Homework1;
		};
/* End PBXContainerItemProxy section */

/* Begin PBXFileReference section */
		7D4F588E26F91B4B0099C1B6 /* UIApplication+Extensions.swift */ = {isa = PBXFileReference; lastKnownFileType = sourcecode.swift; path = "UIApplication+Extensions.swift"; sourceTree = "<group>"; };
		7DB7824A26F915D600902284 /* Homework1.app */ = {isa = PBXFileReference; explicitFileType = wrapper.application; includeInIndex = 0; path = Homework1.app; sourceTree = BUILT_PRODUCTS_DIR; };
		7DB7824D26F915D600902284 /* AppDelegate.swift */ = {isa = PBXFileReference; lastKnownFileType = sourcecode.swift; path = AppDelegate.swift; sourceTree = "<group>"; };
		7DB7824F26F915D600902284 /* SceneDelegate.swift */ = {isa = PBXFileReference; lastKnownFileType = sourcecode.swift; path = SceneDelegate.swift; sourceTree = "<group>"; };
		7DB7825126F915D600902284 /* ContentView.swift */ = {isa = PBXFileReference; lastKnownFileType = sourcecode.swift; path = ContentView.swift; sourceTree = "<group>"; };
		7DB7825326F915D800902284 /* Assets.xcassets */ = {isa = PBXFileReference; lastKnownFileType = folder.assetcatalog; path = Assets.xcassets; sourceTree = "<group>"; };
		7DB7825626F915D800902284 /* Preview Assets.xcassets */ = {isa = PBXFileReference; lastKnownFileType = folder.assetcatalog; path = "Preview Assets.xcassets"; sourceTree = "<group>"; };
		7DB7825926F915D800902284 /* Base */ = {isa = PBXFileReference; lastKnownFileType = file.storyboard; name = Base; path = Base.lproj/LaunchScreen.storyboard; sourceTree = "<group>"; };
		7DB7825B26F915D800902284 /* Info.plist */ = {isa = PBXFileReference; lastKnownFileType = text.plist.xml; path = Info.plist; sourceTree = "<group>"; };
		7DB7826026F915D900902284 /* Homework1Tests.xctest */ = {isa = PBXFileReference; explicitFileType = wrapper.cfbundle; includeInIndex = 0; path = Homework1Tests.xctest; sourceTree = BUILT_PRODUCTS_DIR; };
		7DB7826426F915D900902284 /* Homework1Tests.swift */ = {isa = PBXFileReference; lastKnownFileType = sourcecode.swift; path = Homework1Tests.swift; sourceTree = "<group>"; };
		7DB7826626F915D900902284 /* Info.plist */ = {isa = PBXFileReference; lastKnownFileType = text.plist.xml; path = Info.plist; sourceTree = "<group>"; };
		7DB7826B26F915D900902284 /* Homework1UITests.xctest */ = {isa = PBXFileReference; explicitFileType = wrapper.cfbundle; includeInIndex = 0; path = Homework1UITests.xctest; sourceTree = BUILT_PRODUCTS_DIR; };
		7DB7826F26F915D900902284 /* Homework1UITests.swift */ = {isa = PBXFileReference; lastKnownFileType = sourcecode.swift; path = Homework1UITests.swift; sourceTree = "<group>"; };
		7DB7827126F915D900902284 /* Info.plist */ = {isa = PBXFileReference; lastKnownFileType = text.plist.xml; path = Info.plist; sourceTree = "<group>"; };
/* End PBXFileReference section */

/* Begin PBXFrameworksBuildPhase section */
		7DB7824726F915D600902284 /* Frameworks */ = {
			isa = PBXFrameworksBuildPhase;
			buildActionMask = 2147483647;
			files = (
			);
			runOnlyForDeploymentPostprocessing = 0;
		};
		7DB7825D26F915D900902284 /* Frameworks */ = {
			isa = PBXFrameworksBuildPhase;
			buildActionMask = 2147483647;
			files = (
			);
			runOnlyForDeploymentPostprocessing = 0;
		};
		7DB7826826F915D900902284 /* Frameworks */ = {
			isa = PBXFrameworksBuildPhase;
			buildActionMask = 2147483647;
			files = (
			);
			runOnlyForDeploymentPostprocessing = 0;
		};
/* End PBXFrameworksBuildPhase section */

/* Begin PBXGroup section */
		7D4F588D26F91B380099C1B6 /* Extensions */ = {
			isa = PBXGroup;
			children = (
				7D4F588E26F91B4B0099C1B6 /* UIApplication+Extensions.swift */,
			);
			path = Extensions;
			sourceTree = "<group>";
		};
		7DB7824126F915D600902284 = {
			isa = PBXGroup;
			children = (
				7DB7824C26F915D600902284 /* Homework1 */,
				7DB7826326F915D900902284 /* Homework1Tests */,
				7DB7826E26F915D900902284 /* Homework1UITests */,
				7DB7824B26F915D600902284 /* Products */,
			);
			sourceTree = "<group>";
		};
		7DB7824B26F915D600902284 /* Products */ = {
			isa = PBXGroup;
			children = (
				7DB7824A26F915D600902284 /* Homework1.app */,
				7DB7826026F915D900902284 /* Homework1Tests.xctest */,
				7DB7826B26F915D900902284 /* Homework1UITests.xctest */,
			);
			name = Products;
			sourceTree = "<group>";
		};
		7DB7824C26F915D600902284 /* Homework1 */ = {
			isa = PBXGroup;
			children = (
				7D4F588D26F91B380099C1B6 /* Extensions */,
				7DB7824D26F915D600902284 /* AppDelegate.swift */,
				7DB7824F26F915D600902284 /* SceneDelegate.swift */,
				7DB7825126F915D600902284 /* ContentView.swift */,
				7DB7825326F915D800902284 /* Assets.xcassets */,
				7DB7825826F915D800902284 /* LaunchScreen.storyboard */,
				7DB7825B26F915D800902284 /* Info.plist */,
				7DB7825526F915D800902284 /* Preview Content */,
			);
			path = Homework1;
			sourceTree = "<group>";
		};
		7DB7825526F915D800902284 /* Preview Content */ = {
			isa = PBXGroup;
			children = (
				7DB7825626F915D800902284 /* Preview Assets.xcassets */,
			);
			path = "Preview Content";
			sourceTree = "<group>";
		};
		7DB7826326F915D900902284 /* Homework1Tests */ = {
			isa = PBXGroup;
			children = (
				7DB7826426F915D900902284 /* Homework1Tests.swift */,
				7DB7826626F915D900902284 /* Info.plist */,
			);
			path = Homework1Tests;
			sourceTree = "<group>";
		};
		7DB7826E26F915D900902284 /* Homework1UITests */ = {
			isa = PBXGroup;
			children = (
				7DB7826F26F915D900902284 /* Homework1UITests.swift */,
				7DB7827126F915D900902284 /* Info.plist */,
			);
			path = Homework1UITests;
			sourceTree = "<group>";
		};
/* End PBXGroup section */

/* Begin PBXNativeTarget section */
		7DB7824926F915D600902284 /* Homework1 */ = {
			isa = PBXNativeTarget;
			buildConfigurationList = 7DB7827426F915D900902284 /* Build configuration list for PBXNativeTarget "Homework1" */;
			buildPhases = (
				7DB7824626F915D600902284 /* Sources */,
				7DB7824726F915D600902284 /* Frameworks */,
				7DB7824826F915D600902284 /* Resources */,
			);
			buildRules = (
			);
			dependencies = (
			);
			name = Homework1;
			productName = Homework1;
			productReference = 7DB7824A26F915D600902284 /* Homework1.app */;
			productType = "com.apple.product-type.application";
		};
		7DB7825F26F915D900902284 /* Homework1Tests */ = {
			isa = PBXNativeTarget;
			buildConfigurationList = 7DB7827726F915D900902284 /* Build configuration list for PBXNativeTarget "Homework1Tests" */;
			buildPhases = (
				7DB7825C26F915D900902284 /* Sources */,
				7DB7825D26F915D900902284 /* Frameworks */,
				7DB7825E26F915D900902284 /* Resources */,
			);
			buildRules = (
			);
			dependencies = (
				7DB7826226F915D900902284 /* PBXTargetDependency */,
			);
			name = Homework1Tests;
			productName = Homework1Tests;
			productReference = 7DB7826026F915D900902284 /* Homework1Tests.xctest */;
			productType = "com.apple.product-type.bundle.unit-test";
		};
		7DB7826A26F915D900902284 /* Homework1UITests */ = {
			isa = PBXNativeTarget;
			buildConfigurationList = 7DB7827A26F915D900902284 /* Build configuration list for PBXNativeTarget "Homework1UITests" */;
			buildPhases = (
				7DB7826726F915D900902284 /* Sources */,
				7DB7826826F915D900902284 /* Frameworks */,
				7DB7826926F915D900902284 /* Resources */,
			);
			buildRules = (
			);
			dependencies = (
				7DB7826D26F915D900902284 /* PBXTargetDependency */,
			);
			name = Homework1UITests;
			productName = Homework1UITests;
			productReference = 7DB7826B26F915D900902284 /* Homework1UITests.xctest */;
			productType = "com.apple.product-type.bundle.ui-testing";
		};
/* End PBXNativeTarget section */

/* Begin PBXProject section */
		7DB7824226F915D600902284 /* Project object */ = {
			isa = PBXProject;
			attributes = {
				LastSwiftUpdateCheck = 1250;
				LastUpgradeCheck = 1250;
				TargetAttributes = {
					7DB7824926F915D600902284 = {
						CreatedOnToolsVersion = 12.5;
					};
					7DB7825F26F915D900902284 = {
						CreatedOnToolsVersion = 12.5;
						TestTargetID = 7DB7824926F915D600902284;
					};
					7DB7826A26F915D900902284 = {
						CreatedOnToolsVersion = 12.5;
						TestTargetID = 7DB7824926F915D600902284;
					};
				};
			};
			buildConfigurationList = 7DB7824526F915D600902284 /* Build configuration list for PBXProject "Homework1" */;
			compatibilityVersion = "Xcode 9.3";
			developmentRegion = en;
			hasScannedForEncodings = 0;
			knownRegions = (
				en,
				Base,
			);
			mainGroup = 7DB7824126F915D600902284;
			productRefGroup = 7DB7824B26F915D600902284 /* Products */;
			projectDirPath = "";
			projectRoot = "";
			targets = (
				7DB7824926F915D600902284 /* Homework1 */,
				7DB7825F26F915D900902284 /* Homework1Tests */,
				7DB7826A26F915D900902284 /* Homework1UITests */,
			);
		};
/* End PBXProject section */

/* Begin PBXResourcesBuildPhase section */
		7DB7824826F915D600902284 /* Resources */ = {
			isa = PBXResourcesBuildPhase;
			buildActionMask = 2147483647;
			files = (
				7DB7825A26F915D800902284 /* LaunchScreen.storyboard in Resources */,
				7DB7825726F915D800902284 /* Preview Assets.xcassets in Resources */,
				7DB7825426F915D800902284 /* Assets.xcassets in Resources */,
			);
			runOnlyForDeploymentPostprocessing = 0;
		};
		7DB7825E26F915D900902284 /* Resources */ = {
			isa = PBXResourcesBuildPhase;
			buildActionMask = 2147483647;
			files = (
			);
			runOnlyForDeploymentPostprocessing = 0;
		};
		7DB7826926F915D900902284 /* Resources */ = {
			isa = PBXResourcesBuildPhase;
			buildActionMask = 2147483647;
			files = (
			);
			runOnlyForDeploymentPostprocessing = 0;
		};
/* End PBXResourcesBuildPhase section */

/* Begin PBXSourcesBuildPhase section */
		7DB7824626F915D600902284 /* Sources */ = {
			isa = PBXSourcesBuildPhase;
			buildActionMask = 2147483647;
			files = (
				7DB7824E26F915D600902284 /* AppDelegate.swift in Sources */,
				7DB7825026F915D600902284 /* SceneDelegate.swift in Sources */,
				7D4F588F26F91B4B0099C1B6 /* UIApplication+Extensions.swift in Sources */,
				7DB7825226F915D600902284 /* ContentView.swift in Sources */,
			);
			runOnlyForDeploymentPostprocessing = 0;
		};
		7DB7825C26F915D900902284 /* Sources */ = {
			isa = PBXSourcesBuildPhase;
			buildActionMask = 2147483647;
			files = (
				7DB7826526F915D900902284 /* Homework1Tests.swift in Sources */,
			);
			runOnlyForDeploymentPostprocessing = 0;
		};
		7DB7826726F915D900902284 /* Sources */ = {
			isa = PBXSourcesBuildPhase;
			buildActionMask = 2147483647;
			files = (
				7DB7827026F915D900902284 /* Homework1UITests.swift in Sources */,
			);
			runOnlyForDeploymentPostprocessing = 0;
		};
/* End PBXSourcesBuildPhase section */

/* Begin PBXTargetDependency section */
		7DB7826226F915D900902284 /* PBXTargetDependency */ = {
			isa = PBXTargetDependency;
			target = 7DB7824926F915D600902284 /* Homework1 */;
			targetProxy = 7DB7826126F915D900902284 /* PBXContainerItemProxy */;
		};
		7DB7826D26F915D900902284 /* PBXTargetDependency */ = {
			isa = PBXTargetDependency;
			target = 7DB7824926F915D600902284 /* Homework1 */;
			targetProxy = 7DB7826C26F915D900902284 /* PBXContainerItemProxy */;
		};
/* End PBXTargetDependency section */

/* Begin PBXVariantGroup section */
		7DB7825826F915D800902284 /* LaunchScreen.storyboard */ = {
			isa = PBXVariantGroup;
			children = (
				7DB7825926F915D800902284 /* Base */,
			);
			name = LaunchScreen.storyboard;
			sourceTree = "<group>";
		};
/* End PBXVariantGroup section */

/* Begin XCBuildConfiguration section */
		7DB7827226F915D900902284 /* Debug */ = {
			isa = XCBuildConfiguration;
			buildSettings = {
				ALWAYS_SEARCH_USER_PATHS = NO;
				CLANG_ANALYZER_NONNULL = YES;
				CLANG_ANALYZER_NUMBER_OBJECT_CONVERSION = YES_AGGRESSIVE;
				CLANG_CXX_LANGUAGE_STANDARD = "gnu++14";
				CLANG_CXX_LIBRARY = "libc++";
				CLANG_ENABLE_MODULES = YES;
				CLANG_ENABLE_OBJC_ARC = YES;
				CLANG_ENABLE_OBJC_WEAK = YES;
				CLANG_WARN_BLOCK_CAPTURE_AUTORELEASING = YES;
				CLANG_WARN_BOOL_CONVERSION = YES;
				CLANG_WARN_COMMA = YES;
				CLANG_WARN_CONSTANT_CONVERSION = YES;
				CLANG_WARN_DEPRECATED_OBJC_IMPLEMENTATIONS = YES;
				CLANG_WARN_DIRECT_OBJC_ISA_USAGE = YES_ERROR;
				CLANG_WARN_DOCUMENTATION_COMMENTS = YES;
				CLANG_WARN_EMPTY_BODY = YES;
				CLANG_WARN_ENUM_CONVERSION = YES;
				CLANG_WARN_INFINITE_RECURSION = YES;
				CLANG_WARN_INT_CONVERSION = YES;
				CLANG_WARN_NON_LITERAL_NULL_CONVERSION = YES;
				CLANG_WARN_OBJC_IMPLICIT_RETAIN_SELF = YES;
				CLANG_WARN_OBJC_LITERAL_CONVERSION = YES;
				CLANG_WARN_OBJC_ROOT_CLASS = YES_ERROR;
				CLANG_WARN_QUOTED_INCLUDE_IN_FRAMEWORK_HEADER = YES;
				CLANG_WARN_RANGE_LOOP_ANALYSIS = YES;
				CLANG_WARN_STRICT_PROTOTYPES = YES;
				CLANG_WARN_SUSPICIOUS_MOVE = YES;
				CLANG_WARN_UNGUARDED_AVAILABILITY = YES_AGGRESSIVE;
				CLANG_WARN_UNREACHABLE_CODE = YES;
				CLANG_WARN__DUPLICATE_METHOD_MATCH = YES;
				COPY_PHASE_STRIP = NO;
				DEBUG_INFORMATION_FORMAT = dwarf;
				ENABLE_STRICT_OBJC_MSGSEND = YES;
				ENABLE_TESTABILITY = YES;
				GCC_C_LANGUAGE_STANDARD = gnu11;
				GCC_DYNAMIC_NO_PIC = NO;
				GCC_NO_COMMON_BLOCKS = YES;
				GCC_OPTIMIZATION_LEVEL = 0;
				GCC_PREPROCESSOR_DEFINITIONS = (
					"DEBUG=1",
					"$(inherited)",
				);
				GCC_WARN_64_TO_32_BIT_CONVERSION = YES;
				GCC_WARN_ABOUT_RETURN_TYPE = YES_ERROR;
				GCC_WARN_UNDECLARED_SELECTOR = YES;
				GCC_WARN_UNINITIALIZED_AUTOS = YES_AGGRESSIVE;
				GCC_WARN_UNUSED_FUNCTION = YES;
				GCC_WARN_UNUSED_VARIABLE = YES;
				IPHONEOS_DEPLOYMENT_TARGET = 14.5;
				MTL_ENABLE_DEBUG_INFO = INCLUDE_SOURCE;
				MTL_FAST_MATH = YES;
				ONLY_ACTIVE_ARCH = YES;
				SDKROOT = iphoneos;
				SWIFT_ACTIVE_COMPILATION_CONDITIONS = DEBUG;
				SWIFT_OPTIMIZATION_LEVEL = "-Onone";
			};
			name = Debug;
		};
		7DB7827326F915D900902284 /* Release */ = {
			isa = XCBuildConfiguration;
			buildSettings = {
				ALWAYS_SEARCH_USER_PATHS = NO;
				CLANG_ANALYZER_NONNULL = YES;
				CLANG_ANALYZER_NUMBER_OBJECT_CONVERSION = YES_AGGRESSIVE;
				CLANG_CXX_LANGUAGE_STANDARD = "gnu++14";
				CLANG_CXX_LIBRARY = "libc++";
				CLANG_ENABLE_MODULES = YES;
				CLANG_ENABLE_OBJC_ARC = YES;
				CLANG_ENABLE_OBJC_WEAK = YES;
				CLANG_WARN_BLOCK_CAPTURE_AUTORELEASING = YES;
				CLANG_WARN_BOOL_CONVERSION = YES;
				CLANG_WARN_COMMA = YES;
				CLANG_WARN_CONSTANT_CONVERSION = YES;
				CLANG_WARN_DEPRECATED_OBJC_IMPLEMENTATIONS = YES;
				CLANG_WARN_DIRECT_OBJC_ISA_USAGE = YES_ERROR;
				CLANG_WARN_DOCUMENTATION_COMMENTS = YES;
				CLANG_WARN_EMPTY_BODY = YES;
				CLANG_WARN_ENUM_CONVERSION = YES;
				CLANG_WARN_INFINITE_RECURSION = YES;
				CLANG_WARN_INT_CONVERSION = YES;
				CLANG_WARN_NON_LITERAL_NULL_CONVERSION = YES;
				CLANG_WARN_OBJC_IMPLICIT_RETAIN_SELF = YES;
				CLANG_WARN_OBJC_LITERAL_CONVERSION = YES;
				CLANG_WARN_OBJC_ROOT_CLASS = YES_ERROR;
				CLANG_WARN_QUOTED_INCLUDE_IN_FRAMEWORK_HEADER = YES;
				CLANG_WARN_RANGE_LOOP_ANALYSIS = YES;
				CLANG_WARN_STRICT_PROTOTYPES = YES;
				CLANG_WARN_SUSPICIOUS_MOVE = YES;
				CLANG_WARN_UNGUARDED_AVAILABILITY = YES_AGGRESSIVE;
				CLANG_WARN_UNREACHABLE_CODE = YES;
				CLANG_WARN__DUPLICATE_METHOD_MATCH = YES;
				COPY_PHASE_STRIP = NO;
				DEBUG_INFORMATION_FORMAT = "dwarf-with-dsym";
				ENABLE_NS_ASSERTIONS = NO;
				ENABLE_STRICT_OBJC_MSGSEND = YES;
				GCC_C_LANGUAGE_STANDARD = gnu11;
				GCC_NO_COMMON_BLOCKS = YES;
				GCC_WARN_64_TO_32_BIT_CONVERSION = YES;
				GCC_WARN_ABOUT_RETURN_TYPE = YES_ERROR;
				GCC_WARN_UNDECLARED_SELECTOR = YES;
				GCC_WARN_UNINITIALIZED_AUTOS = YES_AGGRESSIVE;
				GCC_WARN_UNUSED_FUNCTION = YES;
				GCC_WARN_UNUSED_VARIABLE = YES;
				IPHONEOS_DEPLOYMENT_TARGET = 14.5;
				MTL_ENABLE_DEBUG_INFO = NO;
				MTL_FAST_MATH = YES;
				SDKROOT = iphoneos;
				SWIFT_COMPILATION_MODE = wholemodule;
				SWIFT_OPTIMIZATION_LEVEL = "-O";
				VALIDATE_PRODUCT = YES;
			};
			name = Release;
		};
		7DB7827526F915D900902284 /* Debug */ = {
			isa = XCBuildConfiguration;
			buildSettings = {
				ASSETCATALOG_COMPILER_APPICON_NAME = AppIcon;
				ASSETCATALOG_COMPILER_GLOBAL_ACCENT_COLOR_NAME = AccentColor;
				CODE_SIGN_STYLE = Automatic;
				DEVELOPMENT_ASSET_PATHS = "\"Homework1/Preview Content\"";
				ENABLE_PREVIEWS = YES;
				INFOPLIST_FILE = Homework1/Info.plist;
				LD_RUNPATH_SEARCH_PATHS = (
					"$(inherited)",
					"@executable_path/Frameworks",
				);
				PRODUCT_BUNDLE_IDENTIFIER = ru.kpfu.itis.SamarinEvgenii.Homework1;
				PRODUCT_NAME = "$(TARGET_NAME)";
				SWIFT_VERSION = 5.0;
				TARGETED_DEVICE_FAMILY = "1,2";
			};
			name = Debug;
		};
		7DB7827626F915D900902284 /* Release */ = {
			isa = XCBuildConfiguration;
			buildSettings = {
				ASSETCATALOG_COMPILER_APPICON_NAME = AppIcon;
				ASSETCATALOG_COMPILER_GLOBAL_ACCENT_COLOR_NAME = AccentColor;
				CODE_SIGN_STYLE = Automatic;
				DEVELOPMENT_ASSET_PATHS = "\"Homework1/Preview Content\"";
				ENABLE_PREVIEWS = YES;
				INFOPLIST_FILE = Homework1/Info.plist;
				LD_RUNPATH_SEARCH_PATHS = (
					"$(inherited)",
					"@executable_path/Frameworks",
				);
				PRODUCT_BUNDLE_IDENTIFIER = ru.kpfu.itis.SamarinEvgenii.Homework1;
				PRODUCT_NAME = "$(TARGET_NAME)";
				SWIFT_VERSION = 5.0;
				TARGETED_DEVICE_FAMILY = "1,2";
			};
			name = Release;
		};
		7DB7827826F915D900902284 /* Debug */ = {
			isa = XCBuildConfiguration;
			buildSettings = {
				ALWAYS_EMBED_SWIFT_STANDARD_LIBRARIES = YES;
				BUNDLE_LOADER = "$(TEST_HOST)";
				CODE_SIGN_STYLE = Automatic;
				INFOPLIST_FILE = Homework1Tests/Info.plist;
				IPHONEOS_DEPLOYMENT_TARGET = 14.5;
				LD_RUNPATH_SEARCH_PATHS = (
					"$(inherited)",
					"@executable_path/Frameworks",
					"@loader_path/Frameworks",
				);
				PRODUCT_BUNDLE_IDENTIFIER = ru.kpfu.itis.SamarinEvgenii.Homework1Tests;
				PRODUCT_NAME = "$(TARGET_NAME)";
				SWIFT_VERSION = 5.0;
				TARGETED_DEVICE_FAMILY = "1,2";
				TEST_HOST = "$(BUILT_PRODUCTS_DIR)/Homework1.app/Homework1";
			};
			name = Debug;
		};
		7DB7827926F915D900902284 /* Release */ = {
			isa = XCBuildConfiguration;
			buildSettings = {
				ALWAYS_EMBED_SWIFT_STANDARD_LIBRARIES = YES;
				BUNDLE_LOADER = "$(TEST_HOST)";
				CODE_SIGN_STYLE = Automatic;
				INFOPLIST_FILE = Homework1Tests/Info.plist;
				IPHONEOS_DEPLOYMENT_TARGET = 14.5;
				LD_RUNPATH_SEARCH_PATHS = (
					"$(inherited)",
					"@executable_path/Frameworks",
					"@loader_path/Frameworks",
				);
				PRODUCT_BUNDLE_IDENTIFIER = ru.kpfu.itis.SamarinEvgenii.Homework1Tests;
				PRODUCT_NAME = "$(TARGET_NAME)";
				SWIFT_VERSION = 5.0;
				TARGETED_DEVICE_FAMILY = "1,2";
				TEST_HOST = "$(BUILT_PRODUCTS_DIR)/Homework1.app/Homework1";
			};
			name = Release;
		};
		7DB7827B26F915D900902284 /* Debug */ = {
			isa = XCBuildConfiguration;
			buildSettings = {
				ALWAYS_EMBED_SWIFT_STANDARD_LIBRARIES = YES;
				CODE_SIGN_STYLE = Automatic;
				INFOPLIST_FILE = Homework1UITests/Info.plist;
				LD_RUNPATH_SEARCH_PATHS = (
					"$(inherited)",
					"@executable_path/Frameworks",
					"@loader_path/Frameworks",
				);
				PRODUCT_BUNDLE_IDENTIFIER = ru.kpfu.itis.SamarinEvgenii.Homework1UITests;
				PRODUCT_NAME = "$(TARGET_NAME)";
				SWIFT_VERSION = 5.0;
				TARGETED_DEVICE_FAMILY = "1,2";
				TEST_TARGET_NAME = Homework1;
			};
			name = Debug;
		};
		7DB7827C26F915D900902284 /* Release */ = {
			isa = XCBuildConfiguration;
			buildSettings = {
				ALWAYS_EMBED_SWIFT_STANDARD_LIBRARIES = YES;
				CODE_SIGN_STYLE = Automatic;
				INFOPLIST_FILE = Homework1UITests/Info.plist;
				LD_RUNPATH_SEARCH_PATHS = (
					"$(inherited)",
					"@executable_path/Frameworks",
					"@loader_path/Frameworks",
				);
				PRODUCT_BUNDLE_IDENTIFIER = ru.kpfu.itis.SamarinEvgenii.Homework1UITests;
				PRODUCT_NAME = "$(TARGET_NAME)";
				SWIFT_VERSION = 5.0;
				TARGETED_DEVICE_FAMILY = "1,2";
				TEST_TARGET_NAME = Homework1;
			};
			name = Release;
		};
/* End XCBuildConfiguration section */

/* Begin XCConfigurationList section */
		7DB7824526F915D600902284 /* Build configuration list for PBXProject "Homework1" */ = {
			isa = XCConfigurationList;
			buildConfigurations = (
				7DB7827226F915D900902284 /* Debug */,
				7DB7827326F915D900902284 /* Release */,
			);
			defaultConfigurationIsVisible = 0;
			defaultConfigurationName = Release;
		};
		7DB7827426F915D900902284 /* Build configuration list for PBXNativeTarget "Homework1" */ = {
			isa = XCConfigurationList;
			buildConfigurations = (
				7DB7827526F915D900902284 /* Debug */,
				7DB7827626F915D900902284 /* Release */,
			);
			defaultConfigurationIsVisible = 0;
			defaultConfigurationName = Release;
		};
		7DB7827726F915D900902284 /* Build configuration list for PBXNativeTarget "Homework1Tests" */ = {
			isa = XCConfigurationList;
			buildConfigurations = (
				7DB7827826F915D900902284 /* Debug */,
				7DB7827926F915D900902284 /* Release */,
			);
			defaultConfigurationIsVisible = 0;
			defaultConfigurationName = Release;
		};
		7DB7827A26F915D900902284 /* Build configuration list for PBXNativeTarget "Homework1UITests" */ = {
			isa = XCConfigurationList;
			buildConfigurations = (
				7DB7827B26F915D900902284 /* Debug */,
				7DB7827C26F915D900902284 /* Release */,
			);
			defaultConfigurationIsVisible = 0;
			defaultConfigurationName = Release;
		};
/* End XCConfigurationList section */
	};
	rootObject = 7DB7824226F915D600902284 /* Project object */;
}
